{
    "_readme": [
        "This file locks the dependencies of your project to a known state",
        "Read more about it at https://getcomposer.org/doc/01-basic-usage.md#installing-dependencies",
        "This file is @generated automatically"
    ],
    "content-hash": "6dabfd75bb0404c657629cf9dd595559",
    "packages": [
        {
            "name": "duzun/hquery",
            "version": "3.0.3",
            "source": {
                "type": "git",
                "url": "https://github.com/duzun/hQuery.php.git",
                "reference": "e3e8dcbe9de7cac5693aeb8c2a62a761cb152e49"
            },
            "dist": {
                "type": "zip",
                "url": "https://api.github.com/repos/duzun/hQuery.php/zipball/e3e8dcbe9de7cac5693aeb8c2a62a761cb152e49",
                "reference": "e3e8dcbe9de7cac5693aeb8c2a62a761cb152e49",
                "shasum": ""
            },
            "require": {
                "php": ">=5.3"
            },
            "require-dev": {
                "symfony/css-selector": "*",
                "symfony/dom-crawler": "*"
            },
            "suggest": {
                "php-http/discovery": "Might be required by hQuery::sendRequest()",
                "php-http/message": "Might be required by hQuery::fromHTML($message) or hQuery::fromURL()",
                "php-http/socket-client": "Could be used to make HTTP requests before calling hQuery::fromHTML($message)"
            },
            "type": "library",
            "extra": {
                "apigen/apigen": "*",
                "php-http/mock-client": "*",
                "php-http/discovery": "*",
                "guzzlehttp/psr7": "*"
            },
            "autoload": {
                "psr-0": {
                    "hQuery": "src/"
                },
                "psr-4": {
                    "duzun\\": "src/"
                },
                "classmap": [
                    "hquery.php"
                ]
            },
            "notification-url": "https://packagist.org/downloads/",
            "license": [
                "MIT"
            ],
            "authors": [
                {
                    "name": "Dumitru Uzun",
                    "email": "contact@duzun.me",
                    "homepage": "https://DUzun.Me",
                    "role": "Author"
                }
            ],
            "description": "An extremely fast web scraper that parses megabytes of HTML in a blink of an eye. No dependencies. PHP5+",
            "homepage": "https://duzun.me/playground/hquery",
            "keywords": [
                "crawling",
                "html",
                "php",
                "scraper",
                "scraping",
                "web",
                "xhtml",
                "xml"
            ],
            "support": {
                "email": "contact@duzun.me",
                "issues": "https://github.com/duzun/hQuery.php/issues",
                "source": "https://github.com/duzun/hQuery.php"
            },
            "time": "2019-07-19T09:39:05+00:00"
        },
        {
            "name": "electrolinux/phpquery",
            "version": "0.9.6",
            "source": {
                "type": "git",
                "url": "https://github.com/electrolinux/phpquery.git",
                "reference": "6cb8afcfe8cd4ce45f2f8c27d561383037c27a3a"
            },
            "dist": {
                "type": "zip",
                "url": "https://api.github.com/repos/electrolinux/phpquery/zipball/6cb8afcfe8cd4ce45f2f8c27d561383037c27a3a",
                "reference": "6cb8afcfe8cd4ce45f2f8c27d561383037c27a3a",
                "shasum": ""
            },
            "type": "library",
            "autoload": {
                "classmap": [
                    "phpQuery/"
                ]
            },
            "notification-url": "https://packagist.org/downloads/",
            "license": [
                "MIT"
            ],
            "authors": [
                {
                    "name": "Tobiasz Cudnik",
                    "email": "tobiasz.cudnik@gmail.com",
                    "homepage": "https://github.com/TobiaszCudnik",
                    "role": "Developer"
                },
                {
                    "name": "didier Belot",
                    "role": "Packager"
                }
            ],
            "description": "phpQuery is a server-side, chainable, CSS3 selector driven Document Object Model (DOM) API based on jQuery JavaScript Library",
            "homepage": "http://code.google.com/p/phpquery/",
            "support": {
                "source": "https://github.com/electrolinux/phpquery/tree/0.9.6"
            },
            "time": "2013-03-21T12:39:33+00:00"
        }
    ],
    "packages-dev": [],
    "aliases": [],
    "minimum-stability": "stable",
    "stability-flags": [],
    "prefer-stable": false,
    "prefer-lowest": false,
    "platform": [],
    "platform-dev": [],
    "plugin-api-version": "2.3.0"
}
